
Microsoft Visual Studio Solution File, Format Version 12.00
# Visual Studio Version 16
VisualStudioVersion = 16.0.810.3
MinimumVisualStudioVersion = 10.0.40219.1
Project("{FAE04EC0-301F-11D3-BF4B-00C04F79EFBC}") = "Xamfin.iOS", "App\Xamfin.iOS\Xamfin.iOS.csproj", "{33DED834-A47C-41D8-8390-14CE218F40DF}"
EndProject
Project("{FAE04EC0-301F-11D3-BF4B-00C04F79EFBC}") = "Xamfin", "App\Xamfin\Xamfin.csproj", "{B09E477C-A491-4FA0-8DE6-E53CD095865F}"
EndProject
Project("{FAE04EC0-301F-11D3-BF4B-00C04F79EFBC}") = "Xamfin.Android", "App\Xamfin.Android\Xamfin.Android.csproj", "{7F52AB66-1108-4132-BA29-2B8F64480965}"
EndProject
Project("{2150E333-8FDC-42A3-9474-1A3956D46DE8}") = "App", "App", "{657DAD56-9554-40DB-B2BB-A449FC81DCA7}"
EndProject
Project("{2150E333-8FDC-42A3-9474-1A3956D46DE8}") = "SDKClient", "SDKClient", "{8EA4076C-094F-4297-9AD9-76B40D7965D6}"
EndProject
Project("{FAE04EC0-301F-11D3-BF4B-00C04F79EFBC}") = "Jellyfin.Sdk", "Jellyfin.SDK\stable\Jellyfin.Sdk.csproj", "{12F4F2D8-8AE6-443F-B3C5-A0D44B907FB7}"
EndProject
Project("{FAE04EC0-301F-11D3-BF4B-00C04F79EFBC}") = "Simple", "Jellyfin.SDK\samples\Simple\Simple.csproj", "{ABF83F16-30F7-4582-B4FD-451D4D376693}"
EndProject
Global
	GlobalSection(SolutionConfigurationPlatforms) = preSolution
		Debug|Any CPU = Debug|Any CPU
		Release|Any CPU = Release|Any CPU
		Debug|iPhoneSimulator = Debug|iPhoneSimulator
		Release|iPhoneSimulator = Release|iPhoneSimulator
		Debug|iPhone = Debug|iPhone
		Release|iPhone = Release|iPhone
	EndGlobalSection
	GlobalSection(ProjectConfigurationPlatforms) = postSolution
		{33DED834-A47C-41D8-8390-14CE218F40DF}.Debug|Any CPU.ActiveCfg = Debug|iPhoneSimulator
		{33DED834-A47C-41D8-8390-14CE218F40DF}.Debug|Any CPU.Build.0 = Debug|iPhoneSimulator
		{33DED834-A47C-41D8-8390-14CE218F40DF}.Release|Any CPU.ActiveCfg = Release|iPhoneSimulator
		{33DED834-A47C-41D8-8390-14CE218F40DF}.Release|Any CPU.Build.0 = Release|iPhoneSimulator
		{33DED834-A47C-41D8-8390-14CE218F40DF}.Debug|iPhoneSimulator.ActiveCfg = Debug|iPhoneSimulator
		{33DED834-A47C-41D8-8390-14CE218F40DF}.Debug|iPhoneSimulator.Build.0 = Debug|iPhoneSimulator
		{33DED834-A47C-41D8-8390-14CE218F40DF}.Release|iPhoneSimulator.ActiveCfg = Release|iPhoneSimulator
		{33DED834-A47C-41D8-8390-14CE218F40DF}.Release|iPhoneSimulator.Build.0 = Release|iPhoneSimulator
		{33DED834-A47C-41D8-8390-14CE218F40DF}.Debug|iPhone.ActiveCfg = Debug|iPhone
		{33DED834-A47C-41D8-8390-14CE218F40DF}.Debug|iPhone.Build.0 = Debug|iPhone
		{33DED834-A47C-41D8-8390-14CE218F40DF}.Release|iPhone.ActiveCfg = Release|iPhone
		{33DED834-A47C-41D8-8390-14CE218F40DF}.Release|iPhone.Build.0 = Release|iPhone
		{B09E477C-A491-4FA0-8DE6-E53CD095865F}.Debug|Any CPU.ActiveCfg = Debug|Any CPU
		{B09E477C-A491-4FA0-8DE6-E53CD095865F}.Debug|Any CPU.Build.0 = Debug|Any CPU
		{B09E477C-A491-4FA0-8DE6-E53CD095865F}.Release|Any CPU.ActiveCfg = Release|Any CPU
		{B09E477C-A491-4FA0-8DE6-E53CD095865F}.Release|Any CPU.Build.0 = Release|Any CPU
		{B09E477C-A491-4FA0-8DE6-E53CD095865F}.Debug|iPhoneSimulator.ActiveCfg = Debug|Any CPU
		{B09E477C-A491-4FA0-8DE6-E53CD095865F}.Debug|iPhoneSimulator.Build.0 = Debug|Any CPU
		{B09E477C-A491-4FA0-8DE6-E53CD095865F}.Release|iPhoneSimulator.ActiveCfg = Release|Any CPU
		{B09E477C-A491-4FA0-8DE6-E53CD095865F}.Release|iPhoneSimulator.Build.0 = Release|Any CPU
		{B09E477C-A491-4FA0-8DE6-E53CD095865F}.Debug|iPhone.ActiveCfg = Debug|Any CPU
		{B09E477C-A491-4FA0-8DE6-E53CD095865F}.Debug|iPhone.Build.0 = Debug|Any CPU
		{B09E477C-A491-4FA0-8DE6-E53CD095865F}.Release|iPhone.ActiveCfg = Release|Any CPU
		{B09E477C-A491-4FA0-8DE6-E53CD095865F}.Release|iPhone.Build.0 = Release|Any CPU
		{7F52AB66-1108-4132-BA29-2B8F64480965}.Debug|Any CPU.ActiveCfg = Debug|Any CPU
		{7F52AB66-1108-4132-BA29-2B8F64480965}.Debug|Any CPU.Build.0 = Debug|Any CPU
		{7F52AB66-1108-4132-BA29-2B8F64480965}.Release|Any CPU.ActiveCfg = Release|Any CPU
		{7F52AB66-1108-4132-BA29-2B8F64480965}.Release|Any CPU.Build.0 = Release|Any CPU
		{7F52AB66-1108-4132-BA29-2B8F64480965}.Debug|iPhoneSimulator.ActiveCfg = Debug|Any CPU
		{7F52AB66-1108-4132-BA29-2B8F64480965}.Debug|iPhoneSimulator.Build.0 = Debug|Any CPU
		{7F52AB66-1108-4132-BA29-2B8F64480965}.Release|iPhoneSimulator.ActiveCfg = Release|Any CPU
		{7F52AB66-1108-4132-BA29-2B8F64480965}.Release|iPhoneSimulator.Build.0 = Release|Any CPU
		{7F52AB66-1108-4132-BA29-2B8F64480965}.Debug|iPhone.ActiveCfg = Debug|Any CPU
		{7F52AB66-1108-4132-BA29-2B8F64480965}.Debug|iPhone.Build.0 = Debug|Any CPU
		{7F52AB66-1108-4132-BA29-2B8F64480965}.Release|iPhone.ActiveCfg = Release|Any CPU
		{7F52AB66-1108-4132-BA29-2B8F64480965}.Release|iPhone.Build.0 = Release|Any CPU
		{12F4F2D8-8AE6-443F-B3C5-A0D44B907FB7}.Debug|Any CPU.ActiveCfg = Debug|Any CPU
		{12F4F2D8-8AE6-443F-B3C5-A0D44B907FB7}.Debug|Any CPU.Build.0 = Debug|Any CPU
		{12F4F2D8-8AE6-443F-B3C5-A0D44B907FB7}.Release|Any CPU.ActiveCfg = Release|Any CPU
		{12F4F2D8-8AE6-443F-B3C5-A0D44B907FB7}.Release|Any CPU.Build.0 = Release|Any CPU
		{12F4F2D8-8AE6-443F-B3C5-A0D44B907FB7}.Debug|iPhoneSimulator.ActiveCfg = Debug|Any CPU
		{12F4F2D8-8AE6-443F-B3C5-A0D44B907FB7}.Debug|iPhoneSimulator.Build.0 = Debug|Any CPU
		{12F4F2D8-8AE6-443F-B3C5-A0D44B907FB7}.Release|iPhoneSimulator.ActiveCfg = Release|Any CPU
		{12F4F2D8-8AE6-443F-B3C5-A0D44B907FB7}.Release|iPhoneSimulator.Build.0 = Release|Any CPU
		{12F4F2D8-8AE6-443F-B3C5-A0D44B907FB7}.Debug|iPhone.ActiveCfg = Debug|Any CPU
		{12F4F2D8-8AE6-443F-B3C5-A0D44B907FB7}.Debug|iPhone.Build.0 = Debug|Any CPU
		{12F4F2D8-8AE6-443F-B3C5-A0D44B907FB7}.Release|iPhone.ActiveCfg = Release|Any CPU
		{12F4F2D8-8AE6-443F-B3C5-A0D44B907FB7}.Release|iPhone.Build.0 = Release|Any CPU
		{ABF83F16-30F7-4582-B4FD-451D4D376693}.Debug|Any CPU.ActiveCfg = Debug|Any CPU
		{ABF83F16-30F7-4582-B4FD-451D4D376693}.Debug|Any CPU.Build.0 = Debug|Any CPU
		{ABF83F16-30F7-4582-B4FD-451D4D376693}.Release|Any CPU.ActiveCfg = Release|Any CPU
		{ABF83F16-30F7-4582-B4FD-451D4D376693}.Release|Any CPU.Build.0 = Release|Any CPU
		{ABF83F16-30F7-4582-B4FD-451D4D376693}.Debug|iPhoneSimulator.ActiveCfg = Debug|Any CPU
		{ABF83F16-30F7-4582-B4FD-451D4D376693}.Debug|iPhoneSimulator.Build.0 = Debug|Any CPU
		{ABF83F16-30F7-4582-B4FD-451D4D376693}.Release|iPhoneSimulator.ActiveCfg = Release|Any CPU
		{ABF83F16-30F7-4582-B4FD-451D4D376693}.Release|iPhoneSimulator.Build.0 = Release|Any CPU
		{ABF83F16-30F7-4582-B4FD-451D4D376693}.Debug|iPhone.ActiveCfg = Debug|Any CPU
		{ABF83F16-30F7-4582-B4FD-451D4D376693}.Debug|iPhone.Build.0 = Debug|Any CPU
		{ABF83F16-30F7-4582-B4FD-451D4D376693}.Release|iPhone.ActiveCfg = Release|Any CPU
		{ABF83F16-30F7-4582-B4FD-451D4D376693}.Release|iPhone.Build.0 = Release|Any CPU
	EndGlobalSection
	GlobalSection(SolutionProperties) = preSolution
		HideSolutionNode = FALSE
	EndGlobalSection
	GlobalSection(ExtensibilityGlobals) = postSolution
		SolutionGuid = {8AF9A3D0-2E10-42FB-9707-9F69B4CCE129}
	EndGlobalSection
	GlobalSection(NestedProjects) = preSolution
		{B09E477C-A491-4FA0-8DE6-E53CD095865F} = {657DAD56-9554-40DB-B2BB-A449FC81DCA7}
		{7F52AB66-1108-4132-BA29-2B8F64480965} = {657DAD56-9554-40DB-B2BB-A449FC81DCA7}
		{33DED834-A47C-41D8-8390-14CE218F40DF} = {657DAD56-9554-40DB-B2BB-A449FC81DCA7}
		{12F4F2D8-8AE6-443F-B3C5-A0D44B907FB7} = {8EA4076C-094F-4297-9AD9-76B40D7965D6}
		{ABF83F16-30F7-4582-B4FD-451D4D376693} = {8EA4076C-094F-4297-9AD9-76B40D7965D6}
	EndGlobalSection
EndGlobal
